
Microsoft Visual Studio Solution File, Format Version 12.00
# Visual Studio Version 16
VisualStudioVersion = 16.0.30503.244
MinimumVisualStudioVersion = 10.0.40219.1
Project("{FAE04EC0-301F-11D3-BF4B-00C04F79EFBC}") = "ShopBridge", "ShopBridge\ShopBridge.csproj", "{0F1463AA-9ACD-42AF-AD7A-E5D8FDDCC32F}"
EndProject
Project("{FAE04EC0-301F-11D3-BF4B-00C04F79EFBC}") = "MasterInterface", "..\MasterInterface\MasterInterface.csproj", "{B3903DAA-D124-45FC-AB98-5AD2E7DF0070}"
EndProject
Project("{FAE04EC0-301F-11D3-BF4B-00C04F79EFBC}") = "Managers", "..\Managers\Managers.csproj", "{52065B48-07D7-42B4-B928-BCC3836BD102}"
EndProject
Project("{FAE04EC0-301F-11D3-BF4B-00C04F79EFBC}") = "UnityContainer", "..\UnityContainer\UnityContainer.csproj", "{1A926F0D-10DD-45C1-8124-FA70DD6BCC8D}"
EndProject
Project("{FAE04EC0-301F-11D3-BF4B-00C04F79EFBC}") = "Helper", "..\Helper\Helper.csproj", "{51550F99-AC9F-49C9-860E-E5BEB70CB773}"
EndProject
Project("{FAE04EC0-301F-11D3-BF4B-00C04F79EFBC}") = "DataContract", "..\DataContract\DataContract.csproj", "{2BEDC030-996D-4DF5-89A1-C9C326944C45}"
EndProject
Global
	GlobalSection(SolutionConfigurationPlatforms) = preSolution
		Debug|Any CPU = Debug|Any CPU
		Release|Any CPU = Release|Any CPU
	EndGlobalSection
	GlobalSection(ProjectConfigurationPlatforms) = postSolution
		{0F1463AA-9ACD-42AF-AD7A-E5D8FDDCC32F}.Debug|Any CPU.ActiveCfg = Debug|Any CPU
		{0F1463AA-9ACD-42AF-AD7A-E5D8FDDCC32F}.Debug|Any CPU.Build.0 = Debug|Any CPU
		{0F1463AA-9ACD-42AF-AD7A-E5D8FDDCC32F}.Release|Any CPU.ActiveCfg = Release|Any CPU
		{0F1463AA-9ACD-42AF-AD7A-E5D8FDDCC32F}.Release|Any CPU.Build.0 = Release|Any CPU
		{B3903DAA-D124-45FC-AB98-5AD2E7DF0070}.Debug|Any CPU.ActiveCfg = Debug|Any CPU
		{B3903DAA-D124-45FC-AB98-5AD2E7DF0070}.Debug|Any CPU.Build.0 = Debug|Any CPU
		{B3903DAA-D124-45FC-AB98-5AD2E7DF0070}.Release|Any CPU.ActiveCfg = Release|Any CPU
		{B3903DAA-D124-45FC-AB98-5AD2E7DF0070}.Release|Any CPU.Build.0 = Release|Any CPU
		{52065B48-07D7-42B4-B928-BCC3836BD102}.Debug|Any CPU.ActiveCfg = Debug|Any CPU
		{52065B48-07D7-42B4-B928-BCC3836BD102}.Debug|Any CPU.Build.0 = Debug|Any CPU
		{52065B48-07D7-42B4-B928-BCC3836BD102}.Release|Any CPU.ActiveCfg = Release|Any CPU
		{52065B48-07D7-42B4-B928-BCC3836BD102}.Release|Any CPU.Build.0 = Release|Any CPU
		{1A926F0D-10DD-45C1-8124-FA70DD6BCC8D}.Debug|Any CPU.ActiveCfg = Debug|Any CPU
		{1A926F0D-10DD-45C1-8124-FA70DD6BCC8D}.Debug|Any CPU.Build.0 = Debug|Any CPU
		{1A926F0D-10DD-45C1-8124-FA70DD6BCC8D}.Release|Any CPU.ActiveCfg = Release|Any CPU
		{1A926F0D-10DD-45C1-8124-FA70DD6BCC8D}.Release|Any CPU.Build.0 = Release|Any CPU
		{51550F99-AC9F-49C9-860E-E5BEB70CB773}.Debug|Any CPU.ActiveCfg = Debug|Any CPU
		{51550F99-AC9F-49C9-860E-E5BEB70CB773}.Debug|Any CPU.Build.0 = Debug|Any CPU
		{51550F99-AC9F-49C9-860E-E5BEB70CB773}.Release|Any CPU.ActiveCfg = Release|Any CPU
		{51550F99-AC9F-49C9-860E-E5BEB70CB773}.Release|Any CPU.Build.0 = Release|Any CPU
		{2BEDC030-996D-4DF5-89A1-C9C326944C45}.Debug|Any CPU.ActiveCfg = Debug|Any CPU
		{2BEDC030-996D-4DF5-89A1-C9C326944C45}.Debug|Any CPU.Build.0 = Debug|Any CPU
		{2BEDC030-996D-4DF5-89A1-C9C326944C45}.Release|Any CPU.ActiveCfg = Release|Any CPU
		{2BEDC030-996D-4DF5-89A1-C9C326944C45}.Release|Any CPU.Build.0 = Release|Any CPU
	EndGlobalSection
	GlobalSection(SolutionProperties) = preSolution
		HideSolutionNode = FALSE
	EndGlobalSection
	GlobalSection(ExtensibilityGlobals) = postSolution
		SolutionGuid = {C5D3184D-6EBE-4842-94BC-79AB59ACE8A7}
	EndGlobalSection
EndGlobal
